
Microsoft Visual Studio Solution File, Format Version 12.00
# Visual Studio Version 16
VisualStudioVersion = 16.0.31005.135
MinimumVisualStudioVersion = 10.0.40219.1
Project("{9A19103F-16F7-4668-BE54-9A1E7A4F7556}") = "Gamerules", "Gamerules.csproj", "{21D571ED-E2D1-4E30-96FE-C33B26E43507}"
EndProject
Global
	GlobalSection(SolutionConfigurationPlatforms) = preSolution
		Debug|Any CPU = Debug|Any CPU
		Release|Any CPU = Release|Any CPU
	EndGlobalSection
	GlobalSection(ProjectConfigurationPlatforms) = postSolution
		{21D571ED-E2D1-4E30-96FE-C33B26E43507}.Debug|Any CPU.ActiveCfg = Debug|Any CPU
		{21D571ED-E2D1-4E30-96FE-C33B26E43507}.Debug|Any CPU.Build.0 = Debug|Any CPU
		{21D571ED-E2D1-4E30-96FE-C33B26E43507}.Release|Any CPU.ActiveCfg = Release|Any CPU
		{21D571ED-E2D1-4E30-96FE-C33B26E43507}.Release|Any CPU.Build.0 = Release|Any CPU
	EndGlobalSection
	GlobalSection(SolutionProperties) = preSolution
		HideSolutionNode = FALSE
	EndGlobalSection
	GlobalSection(ExtensibilityGlobals) = postSolution
		SolutionGuid = {61A51CCF-986C-4C02-B532-64223E0F5E40}
	EndGlobalSection
EndGlobal
